
Microsoft Visual Studio Solution File, Format Version 12.00
# Visual Studio Version 17
VisualStudioVersion = 17.7.34031.279
MinimumVisualStudioVersion = 10.0.40219.1
Project("{9A19103F-16F7-4668-BE54-9A1E7A4F7556}") = "sportsdayapi", "sportsdayapi\sportsdayapi.csproj", "{D0AAE274-27AA-4A16-B351-BADBE047AB4B}"
EndProject
Project("{54A90642-561A-4BB1-A94E-469ADEE60C69}") = "sportsdayui", "sportsdayui\sportsdayui.esproj", "{665CF069-139F-4CA4-BAFE-E053FE23ED29}"
EndProject
Project("{FAE04EC0-301F-11D3-BF4B-00C04F79EFBC}") = "sportsdayapi.UnitTests", "sportsdayapi.UnitTests\sportsdayapi.UnitTests.csproj", "{259B23C1-31C5-40B2-A916-E77E02B6AD7E}"
EndProject
Global
	GlobalSection(SolutionConfigurationPlatforms) = preSolution
		Debug|Any CPU = Debug|Any CPU
		Release|Any CPU = Release|Any CPU
	EndGlobalSection
	GlobalSection(ProjectConfigurationPlatforms) = postSolution
		{D0AAE274-27AA-4A16-B351-BADBE047AB4B}.Debug|Any CPU.ActiveCfg = Debug|Any CPU
		{D0AAE274-27AA-4A16-B351-BADBE047AB4B}.Debug|Any CPU.Build.0 = Debug|Any CPU
		{D0AAE274-27AA-4A16-B351-BADBE047AB4B}.Release|Any CPU.ActiveCfg = Release|Any CPU
		{D0AAE274-27AA-4A16-B351-BADBE047AB4B}.Release|Any CPU.Build.0 = Release|Any CPU
		{665CF069-139F-4CA4-BAFE-E053FE23ED29}.Debug|Any CPU.ActiveCfg = Debug|Any CPU
		{665CF069-139F-4CA4-BAFE-E053FE23ED29}.Debug|Any CPU.Build.0 = Debug|Any CPU
		{665CF069-139F-4CA4-BAFE-E053FE23ED29}.Debug|Any CPU.Deploy.0 = Debug|Any CPU
		{665CF069-139F-4CA4-BAFE-E053FE23ED29}.Release|Any CPU.ActiveCfg = Release|Any CPU
		{665CF069-139F-4CA4-BAFE-E053FE23ED29}.Release|Any CPU.Build.0 = Release|Any CPU
		{665CF069-139F-4CA4-BAFE-E053FE23ED29}.Release|Any CPU.Deploy.0 = Release|Any CPU
		{259B23C1-31C5-40B2-A916-E77E02B6AD7E}.Debug|Any CPU.ActiveCfg = Debug|Any CPU
		{259B23C1-31C5-40B2-A916-E77E02B6AD7E}.Debug|Any CPU.Build.0 = Debug|Any CPU
		{259B23C1-31C5-40B2-A916-E77E02B6AD7E}.Release|Any CPU.ActiveCfg = Release|Any CPU
		{259B23C1-31C5-40B2-A916-E77E02B6AD7E}.Release|Any CPU.Build.0 = Release|Any CPU
	EndGlobalSection
	GlobalSection(SolutionProperties) = preSolution
		HideSolutionNode = FALSE
	EndGlobalSection
	GlobalSection(ExtensibilityGlobals) = postSolution
		SolutionGuid = {462E0457-CBB8-458C-948A-F337487C6687}
	EndGlobalSection
EndGlobal
